
Microsoft Visual Studio Solution File, Format Version 12.00
# Visual Studio 15
VisualStudioVersion = 15.0.27004.2009
MinimumVisualStudioVersion = 10.0.40219.1
Project("{8BC9CEB8-8B4A-11D0-8D11-00A0C91BC942}") = "TennisBallTracker", "TennisBallTracker.vcxproj", "{A46745B1-CCE2-4D3A-87FD-0225CAE8A5CD}"
EndProject
Global
	GlobalSection(SolutionConfigurationPlatforms) = preSolution
		Debug|x64 = Debug|x64
		Debug|x86 = Debug|x86
		Release|x64 = Release|x64
		Release|x86 = Release|x86
	EndGlobalSection
	GlobalSection(ProjectConfigurationPlatforms) = postSolution
		{A46745B1-CCE2-4D3A-87FD-0225CAE8A5CD}.Debug|x64.ActiveCfg = Debug|x64
		{A46745B1-CCE2-4D3A-87FD-0225CAE8A5CD}.Debug|x64.Build.0 = Debug|x64
		{A46745B1-CCE2-4D3A-87FD-0225CAE8A5CD}.Debug|x86.ActiveCfg = Debug|Win32
		{A46745B1-CCE2-4D3A-87FD-0225CAE8A5CD}.Debug|x86.Build.0 = Debug|Win32
		{A46745B1-CCE2-4D3A-87FD-0225CAE8A5CD}.Release|x64.ActiveCfg = Release|x64
		{A46745B1-CCE2-4D3A-87FD-0225CAE8A5CD}.Release|x64.Build.0 = Release|x64
		{A46745B1-CCE2-4D3A-87FD-0225CAE8A5CD}.Release|x86.ActiveCfg = Release|Win32
		{A46745B1-CCE2-4D3A-87FD-0225CAE8A5CD}.Release|x86.Build.0 = Release|Win32
	EndGlobalSection
	GlobalSection(SolutionProperties) = preSolution
		HideSolutionNode = FALSE
	EndGlobalSection
	GlobalSection(ExtensibilityGlobals) = postSolution
		SolutionGuid = {9F4F9B4F-3258-427C-B317-3DFDBE26CD92}
	EndGlobalSection
EndGlobal
